{
    "_meta": {
        "hash": {
            "sha256": "8d43c90b7711aa03d96cbd87c40dcd17ad3cac70786f18640c2879da71af7653"
        },
        "pipfile-spec": 6,
        "requires": {
            "python_version": "2.7"
        },
        "sources": [
            {
                "name": "pypi",
                "url": "https://pypi.org/simple",
                "verify_ssl": true
            }
        ]
    },
    "default": {
        "behave": {
            "hashes": [
                "sha256:b9662327aa53294c1351b0a9c369093ccec1d21026f050c3bd9b3e5cccf81a86",
                "sha256:ebda1a6c9e5bfe95c5f9f0a2794e01c7098b3dde86c10a95d8621c5907ff6f1c"
            ],
            "index": "pypi",
            "markers": "python_version >= '2.6' and python_version not in '3.0, 3.1, 3.2'",
            "version": "==1.2.6"
        },
        "parse": {
            "hashes": [
                "sha256:371ed3800dc63983832159cc9373156613947707bc448b5215473a219dbd4362",
                "sha256:cc3a47236ff05da377617ddefa867b7ba983819c664e1afe46249e5b469be464"
            ],
            "version": "==1.19.1"
        },
        "parse-type": {
            "hashes": [
                "sha256:06d39a8b70fde873eb2a131141a0e79bb34a432941fb3d66fad247abafc9766c",
                "sha256:79b1f2497060d0928bc46016793f1fca1057c4aacdf15ef876aa48d75a73a355"
            ],
            "markers": "python_version >= '2.7' and python_version not in '3.0, 3.1'",
            "version": "==0.6.2"
        },
        "six": {
            "hashes": [
                "sha256:1e61c37477a1626458e36f7b1d82aa5c9b094fa4802892072e49de9c60c4c926",
                "sha256:8abb2f1d86890a2dfb989f9a77cfcfd3e47c2a354b01111771326f8aa26e0254"
            ],
            "markers": "python_version >= '2.7' and python_version not in '3.0, 3.1, 3.2'",
            "version": "==1.16.0"
        }
    },
    "develop": {}
}
